// !$*UTF8*$!
{
	archiveVersion = 1;
	classes = {
	};
	objectVersion = 51;
	objects = {

/* Begin PBXBuildFile section */
		7020CB6A551F43DD7EB4113B /* Pods_Expense_Manager.framework in Frameworks */ = {isa = PBXBuildFile; fileRef = 5230B9899683B4DAA78DE2E7 /* Pods_Expense_Manager.framework */; };
		9039BF31250F6804002F1830 /* ReportsViewController.swift in Sources */ = {isa = PBXBuildFile; fileRef = 9039BF30250F6804002F1830 /* ReportsViewController.swift */; };
		9039BF33250F7C81002F1830 /* UIButtonUpdate.swift in Sources */ = {isa = PBXBuildFile; fileRef = 9039BF32250F7C81002F1830 /* UIButtonUpdate.swift */; };
		903A46A42514FD250086E127 /* DateTimePickerViewController.swift in Sources */ = {isa = PBXBuildFile; fileRef = 903A46A32514FD250086E127 /* DateTimePickerViewController.swift */; };
		903A46A825151CFA0086E127 /* ButtonRoundCorner.swift in Sources */ = {isa = PBXBuildFile; fileRef = 903A46A725151CFA0086E127 /* ButtonRoundCorner.swift */; };
		903C914A250D1BDC0053EF70 /* AppDelegate.swift in Sources */ = {isa = PBXBuildFile; fileRef = 903C9149250D1BDC0053EF70 /* AppDelegate.swift */; };
		903C914C250D1BDC0053EF70 /* SceneDelegate.swift in Sources */ = {isa = PBXBuildFile; fileRef = 903C914B250D1BDC0053EF70 /* SceneDelegate.swift */; };
		903C914E250D1BDC0053EF70 /* ViewController.swift in Sources */ = {isa = PBXBuildFile; fileRef = 903C914D250D1BDC0053EF70 /* ViewController.swift */; };
		903C9151250D1BDC0053EF70 /* Main.storyboard in Resources */ = {isa = PBXBuildFile; fileRef = 903C914F250D1BDC0053EF70 /* Main.storyboard */; };
		903C9153250D1BE40053EF70 /* Assets.xcassets in Resources */ = {isa = PBXBuildFile; fileRef = 903C9152250D1BE40053EF70 /* Assets.xcassets */; };
		903C9156250D1BE40053EF70 /* LaunchScreen.storyboard in Resources */ = {isa = PBXBuildFile; fileRef = 903C9154250D1BE40053EF70 /* LaunchScreen.storyboard */; };
		903C915E250D53A90053EF70 /* SettingsViewController.swift in Sources */ = {isa = PBXBuildFile; fileRef = 903C915D250D53A90053EF70 /* SettingsViewController.swift */; };
		903ECB5B251904F2007FD569 /* PaymentModeViewController.swift in Sources */ = {isa = PBXBuildFile; fileRef = 903ECB5A251904F2007FD569 /* PaymentModeViewController.swift */; };
		903ECB5D25190E37007FD569 /* RealmDataSave.swift in Sources */ = {isa = PBXBuildFile; fileRef = 903ECB5C25190E37007FD569 /* RealmDataSave.swift */; };
		903ECB5F25191F28007FD569 /* AllTransactionsViewController.swift in Sources */ = {isa = PBXBuildFile; fileRef = 903ECB5E25191F28007FD569 /* AllTransactionsViewController.swift */; };
		903ECB612519394D007FD569 /* CustomTableViewCell.swift in Sources */ = {isa = PBXBuildFile; fileRef = 903ECB602519394D007FD569 /* CustomTableViewCell.swift */; };
		903F07E72512967600C0517E /* IncomeCategoryViewController.swift in Sources */ = {isa = PBXBuildFile; fileRef = 903F07E62512967600C0517E /* IncomeCategoryViewController.swift */; };
		9070B618250EB0E600E0FDB6 /* AddIncomeViewController.swift in Sources */ = {isa = PBXBuildFile; fileRef = 9070B617250EB0E600E0FDB6 /* AddIncomeViewController.swift */; };
/* End PBXBuildFile section */

/* Begin PBXFileReference section */
		5230B9899683B4DAA78DE2E7 /* Pods_Expense_Manager.framework */ = {isa = PBXFileReference; explicitFileType = wrapper.framework; includeInIndex = 0; path = Pods_Expense_Manager.framework; sourceTree = BUILT_PRODUCTS_DIR; };
		9039BF30250F6804002F1830 /* ReportsViewController.swift */ = {isa = PBXFileReference; lastKnownFileType = sourcecode.swift; path = ReportsViewController.swift; sourceTree = "<group>"; };
		9039BF32250F7C81002F1830 /* UIButtonUpdate.swift */ = {isa = PBXFileReference; lastKnownFileType = sourcecode.swift; path = UIButtonUpdate.swift; sourceTree = "<group>"; };
		903A46A32514FD250086E127 /* DateTimePickerViewController.swift */ = {isa = PBXFileReference; lastKnownFileType = sourcecode.swift; path = DateTimePickerViewController.swift; sourceTree = "<group>"; };
		903A46A725151CFA0086E127 /* ButtonRoundCorner.swift */ = {isa = PBXFileReference; lastKnownFileType = sourcecode.swift; path = ButtonRoundCorner.swift; sourceTree = "<group>"; };
		903C9146250D1BDC0053EF70 /* Expense Manager.app */ = {isa = PBXFileReference; explicitFileType = wrapper.application; includeInIndex = 0; path = "Expense Manager.app"; sourceTree = BUILT_PRODUCTS_DIR; };
		903C9149250D1BDC0053EF70 /* AppDelegate.swift */ = {isa = PBXFileReference; lastKnownFileType = sourcecode.swift; path = AppDelegate.swift; sourceTree = "<group>"; };
		903C914B250D1BDC0053EF70 /* SceneDelegate.swift */ = {isa = PBXFileReference; lastKnownFileType = sourcecode.swift; path = SceneDelegate.swift; sourceTree = "<group>"; };
		903C914D250D1BDC0053EF70 /* ViewController.swift */ = {isa = PBXFileReference; lastKnownFileType = sourcecode.swift; path = ViewController.swift; sourceTree = "<group>"; };
		903C9150250D1BDC0053EF70 /* Base */ = {isa = PBXFileReference; lastKnownFileType = file.storyboard; name = Base; path = Base.lproj/Main.storyboard; sourceTree = "<group>"; };
		903C9152250D1BE40053EF70 /* Assets.xcassets */ = {isa = PBXFileReference; lastKnownFileType = folder.assetcatalog; path = Assets.xcassets; sourceTree = "<group>"; };
		903C9155250D1BE40053EF70 /* Base */ = {isa = PBXFileReference; lastKnownFileType = file.storyboard; name = Base; path = Base.lproj/LaunchScreen.storyboard; sourceTree = "<group>"; };
		903C9157250D1BE40053EF70 /* Info.plist */ = {isa = PBXFileReference; lastKnownFileType = text.plist.xml; path = Info.plist; sourceTree = "<group>"; };
		903C915D250D53A90053EF70 /* SettingsViewController.swift */ = {isa = PBXFileReference; lastKnownFileType = sourcecode.swift; path = SettingsViewController.swift; sourceTree = "<group>"; };
		903ECB5A251904F2007FD569 /* PaymentModeViewController.swift */ = {isa = PBXFileReference; lastKnownFileType = sourcecode.swift; path = PaymentModeViewController.swift; sourceTree = "<group>"; };
		903ECB5C25190E37007FD569 /* RealmDataSave.swift */ = {isa = PBXFileReference; lastKnownFileType = sourcecode.swift; path = RealmDataSave.swift; sourceTree = "<group>"; };
		903ECB5E25191F28007FD569 /* AllTransactionsViewController.swift */ = {isa = PBXFileReference; lastKnownFileType = sourcecode.swift; path = AllTransactionsViewController.swift; sourceTree = "<group>"; };
		903ECB602519394D007FD569 /* CustomTableViewCell.swift */ = {isa = PBXFileReference; lastKnownFileType = sourcecode.swift; path = CustomTableViewCell.swift; sourceTree = "<group>"; };
		903F07E62512967600C0517E /* IncomeCategoryViewController.swift */ = {isa = PBXFileReference; lastKnownFileType = sourcecode.swift; path = IncomeCategoryViewController.swift; sourceTree = "<group>"; };
		9070B617250EB0E600E0FDB6 /* AddIncomeViewController.swift */ = {isa = PBXFileReference; lastKnownFileType = sourcecode.swift; path = AddIncomeViewController.swift; sourceTree = "<group>"; };
		AD95AA0D53DE402A04BD0A90 /* Pods-Expense Manager.debug.xcconfig */ = {isa = PBXFileReference; includeInIndex = 1; lastKnownFileType = text.xcconfig; name = "Pods-Expense Manager.debug.xcconfig"; path = "Target Support Files/Pods-Expense Manager/Pods-Expense Manager.debug.xcconfig"; sourceTree = "<group>"; };
		C4ACCB8C388AE6D0306DBA28 /* Pods-Expense Manager.release.xcconfig */ = {isa = PBXFileReference; includeInIndex = 1; lastKnownFileType = text.xcconfig; name = "Pods-Expense Manager.release.xcconfig"; path = "Target Support Files/Pods-Expense Manager/Pods-Expense Manager.release.xcconfig"; sourceTree = "<group>"; };
/* End PBXFileReference section */

/* Begin PBXFrameworksBuildPhase section */
		903C9143250D1BDC0053EF70 /* Frameworks */ = {
			isa = PBXFrameworksBuildPhase;
			buildActionMask = 2147483647;
			files = (
				7020CB6A551F43DD7EB4113B /* Pods_Expense_Manager.framework in Frameworks */,
			);
			runOnlyForDeploymentPostprocessing = 0;
		};
/* End PBXFrameworksBuildPhase section */

/* Begin PBXGroup section */
		5B6A5D1EA2E35CCB79672790 /* Pods */ = {
			isa = PBXGroup;
			children = (
				AD95AA0D53DE402A04BD0A90 /* Pods-Expense Manager.debug.xcconfig */,
				C4ACCB8C388AE6D0306DBA28 /* Pods-Expense Manager.release.xcconfig */,
			);
			path = Pods;
			sourceTree = "<group>";
		};
		63F4BA25BD344F0C0996E799 /* Frameworks */ = {
			isa = PBXGroup;
			children = (
				5230B9899683B4DAA78DE2E7 /* Pods_Expense_Manager.framework */,
			);
			name = Frameworks;
			sourceTree = "<group>";
		};
		9039BF34250F7C8C002F1830 /* Model */ = {
			isa = PBXGroup;
			children = (
				9039BF32250F7C81002F1830 /* UIButtonUpdate.swift */,
				903A46A725151CFA0086E127 /* ButtonRoundCorner.swift */,
				903ECB5C25190E37007FD569 /* RealmDataSave.swift */,
			);
			path = Model;
			sourceTree = "<group>";
		};
		903C913D250D1BDC0053EF70 = {
			isa = PBXGroup;
			children = (
				903C9148250D1BDC0053EF70 /* Expense Manager */,
				903C9147250D1BDC0053EF70 /* Products */,
				5B6A5D1EA2E35CCB79672790 /* Pods */,
				63F4BA25BD344F0C0996E799 /* Frameworks */,
			);
			sourceTree = "<group>";
		};
		903C9147250D1BDC0053EF70 /* Products */ = {
			isa = PBXGroup;
			children = (
				903C9146250D1BDC0053EF70 /* Expense Manager.app */,
			);
			name = Products;
			sourceTree = "<group>";
		};
		903C9148250D1BDC0053EF70 /* Expense Manager */ = {
			isa = PBXGroup;
			children = (
				903C9149250D1BDC0053EF70 /* AppDelegate.swift */,
				903C914B250D1BDC0053EF70 /* SceneDelegate.swift */,
				9039BF34250F7C8C002F1830 /* Model */,
				903C9160250D53C80053EF70 /* Views */,
				903C915F250D53BD0053EF70 /* Controllers */,
				903C9152250D1BE40053EF70 /* Assets.xcassets */,
				903C9154250D1BE40053EF70 /* LaunchScreen.storyboard */,
				903C9157250D1BE40053EF70 /* Info.plist */,
			);
			path = "Expense Manager";
			sourceTree = "<group>";
		};
		903C915F250D53BD0053EF70 /* Controllers */ = {
			isa = PBXGroup;
			children = (
				903C914D250D1BDC0053EF70 /* ViewController.swift */,
				9070B617250EB0E600E0FDB6 /* AddIncomeViewController.swift */,
				903F07E62512967600C0517E /* IncomeCategoryViewController.swift */,
				903C915D250D53A90053EF70 /* SettingsViewController.swift */,
				9039BF30250F6804002F1830 /* ReportsViewController.swift */,
				903A46A32514FD250086E127 /* DateTimePickerViewController.swift */,
				903ECB5A251904F2007FD569 /* PaymentModeViewController.swift */,
				903ECB5E25191F28007FD569 /* AllTransactionsViewController.swift */,
				903ECB602519394D007FD569 /* CustomTableViewCell.swift */,
			);
			path = Controllers;
			sourceTree = "<group>";
		};
		903C9160250D53C80053EF70 /* Views */ = {
			isa = PBXGroup;
			children = (
				903C914F250D1BDC0053EF70 /* Main.storyboard */,
			);
			path = Views;
			sourceTree = "<group>";
		};
/* End PBXGroup section */

/* Begin PBXNativeTarget section */
		903C9145250D1BDC0053EF70 /* Expense Manager */ = {
			isa = PBXNativeTarget;
			buildConfigurationList = 903C915A250D1BE40053EF70 /* Build configuration list for PBXNativeTarget "Expense Manager" */;
			buildPhases = (
				269F0C5E17007EBFB6C33ED5 /* [CP] Check Pods Manifest.lock */,
				903C9142250D1BDC0053EF70 /* Sources */,
				903C9143250D1BDC0053EF70 /* Frameworks */,
				903C9144250D1BDC0053EF70 /* Resources */,
				3F78B342FCEEE18CB19643D4 /* [CP] Embed Pods Frameworks */,
			);
			buildRules = (
			);
			dependencies = (
			);
			name = "Expense Manager";
			productName = "Expense Manager";
			productReference = 903C9146250D1BDC0053EF70 /* Expense Manager.app */;
			productType = "com.apple.product-type.application";
		};
/* End PBXNativeTarget section */

/* Begin PBXProject section */
		903C913E250D1BDC0053EF70 /* Project object */ = {
			isa = PBXProject;
			attributes = {
				LastSwiftUpdateCheck = 1170;
				LastUpgradeCheck = 1170;
				ORGANIZATIONNAME = Rukhsar;
				TargetAttributes = {
					903C9145250D1BDC0053EF70 = {
						CreatedOnToolsVersion = 11.7;
					};
				};
			};
			buildConfigurationList = 903C9141250D1BDC0053EF70 /* Build configuration list for PBXProject "Expense Manager" */;
			compatibilityVersion = "Xcode 9.3";
			developmentRegion = en;
			hasScannedForEncodings = 0;
			knownRegions = (
				en,
				Base,
			);
			mainGroup = 903C913D250D1BDC0053EF70;
			productRefGroup = 903C9147250D1BDC0053EF70 /* Products */;
			projectDirPath = "";
			projectRoot = "";
			targets = (
				903C9145250D1BDC0053EF70 /* Expense Manager */,
			);
		};
/* End PBXProject section */

/* Begin PBXResourcesBuildPhase section */
		903C9144250D1BDC0053EF70 /* Resources */ = {
			isa = PBXResourcesBuildPhase;
			buildActionMask = 2147483647;
			files = (
				903C9156250D1BE40053EF70 /* LaunchScreen.storyboard in Resources */,
				903C9153250D1BE40053EF70 /* Assets.xcassets in Resources */,
				903C9151250D1BDC0053EF70 /* Main.storyboard in Resources */,
			);
			runOnlyForDeploymentPostprocessing = 0;
		};
/* End PBXResourcesBuildPhase section */

/* Begin PBXShellScriptBuildPhase section */
		269F0C5E17007EBFB6C33ED5 /* [CP] Check Pods Manifest.lock */ = {
			isa = PBXShellScriptBuildPhase;
			buildActionMask = 2147483647;
			files = (
			);
			inputFileListPaths = (
			);
			inputPaths = (
				"${PODS_PODFILE_DIR_PATH}/Podfile.lock",
				"${PODS_ROOT}/Manifest.lock",
			);
			name = "[CP] Check Pods Manifest.lock";
			outputFileListPaths = (
			);
			outputPaths = (
				"$(DERIVED_FILE_DIR)/Pods-Expense Manager-checkManifestLockResult.txt",
			);
			runOnlyForDeploymentPostprocessing = 0;
			shellPath = /bin/sh;
			shellScript = "diff \"${PODS_PODFILE_DIR_PATH}/Podfile.lock\" \"${PODS_ROOT}/Manifest.lock\" > /dev/null\nif [ $? != 0 ] ; then\n    # print error to STDERR\n    echo \"error: The sandbox is not in sync with the Podfile.lock. Run 'pod install' or update your CocoaPods installation.\" >&2\n    exit 1\nfi\n# This output is used by Xcode 'outputs' to avoid re-running this script phase.\necho \"SUCCESS\" > \"${SCRIPT_OUTPUT_FILE_0}\"\n";
			showEnvVarsInLog = 0;
		};
		3F78B342FCEEE18CB19643D4 /* [CP] Embed Pods Frameworks */ = {
			isa = PBXShellScriptBuildPhase;
			buildActionMask = 2147483647;
			files = (
			);
			inputFileListPaths = (
				"${PODS_ROOT}/Target Support Files/Pods-Expense Manager/Pods-Expense Manager-frameworks-${CONFIGURATION}-input-files.xcfilelist",
			);
			name = "[CP] Embed Pods Frameworks";
			outputFileListPaths = (
				"${PODS_ROOT}/Target Support Files/Pods-Expense Manager/Pods-Expense Manager-frameworks-${CONFIGURATION}-output-files.xcfilelist",
			);
			runOnlyForDeploymentPostprocessing = 0;
			shellPath = /bin/sh;
			shellScript = "\"${PODS_ROOT}/Target Support Files/Pods-Expense Manager/Pods-Expense Manager-frameworks.sh\"\n";
			showEnvVarsInLog = 0;
		};
/* End PBXShellScriptBuildPhase section */

/* Begin PBXSourcesBuildPhase section */
		903C9142250D1BDC0053EF70 /* Sources */ = {
			isa = PBXSourcesBuildPhase;
			buildActionMask = 2147483647;
			files = (
				9039BF31250F6804002F1830 /* ReportsViewController.swift in Sources */,
				9070B618250EB0E600E0FDB6 /* AddIncomeViewController.swift in Sources */,
				9039BF33250F7C81002F1830 /* UIButtonUpdate.swift in Sources */,
				903C914E250D1BDC0053EF70 /* ViewController.swift in Sources */,
				903A46A42514FD250086E127 /* DateTimePickerViewController.swift in Sources */,
				903F07E72512967600C0517E /* IncomeCategoryViewController.swift in Sources */,
				903ECB5F25191F28007FD569 /* AllTransactionsViewController.swift in Sources */,
				903A46A825151CFA0086E127 /* ButtonRoundCorner.swift in Sources */,
				903ECB5B251904F2007FD569 /* PaymentModeViewController.swift in Sources */,
				903ECB5D25190E37007FD569 /* RealmDataSave.swift in Sources */,
				903ECB612519394D007FD569 /* CustomTableViewCell.swift in Sources */,
				903C914A250D1BDC0053EF70 /* AppDelegate.swift in Sources */,
				903C914C250D1BDC0053EF70 /* SceneDelegate.swift in Sources */,
				903C915E250D53A90053EF70 /* SettingsViewController.swift in Sources */,
			);
			runOnlyForDeploymentPostprocessing = 0;
		};
/* End PBXSourcesBuildPhase section */

/* Begin PBXVariantGroup section */
		903C914F250D1BDC0053EF70 /* Main.storyboard */ = {
			isa = PBXVariantGroup;
			children = (
				903C9150250D1BDC0053EF70 /* Base */,
			);
			name = Main.storyboard;
			sourceTree = "<group>";
		};
		903C9154250D1BE40053EF70 /* LaunchScreen.storyboard */ = {
			isa = PBXVariantGroup;
			children = (
				903C9155250D1BE40053EF70 /* Base */,
			);
			name = LaunchScreen.storyboard;
			sourceTree = "<group>";
		};
/* End PBXVariantGroup section */

/* Begin XCBuildConfiguration section */
		903C9158250D1BE40053EF70 /* Debug */ = {
			isa = XCBuildConfiguration;
			buildSettings = {
				ALWAYS_SEARCH_USER_PATHS = NO;
				CLANG_ANALYZER_NONNULL = YES;
				CLANG_ANALYZER_NUMBER_OBJECT_CONVERSION = YES_AGGRESSIVE;
				CLANG_CXX_LANGUAGE_STANDARD = "gnu++14";
				CLANG_CXX_LIBRARY = "libc++";
				CLANG_ENABLE_MODULES = YES;
				CLANG_ENABLE_OBJC_ARC = YES;
				CLANG_ENABLE_OBJC_WEAK = YES;
				CLANG_WARN_BLOCK_CAPTURE_AUTORELEASING = YES;
				CLANG_WARN_BOOL_CONVERSION = YES;
				CLANG_WARN_COMMA = YES;
				CLANG_WARN_CONSTANT_CONVERSION = YES;
				CLANG_WARN_DEPRECATED_OBJC_IMPLEMENTATIONS = YES;
				CLANG_WARN_DIRECT_OBJC_ISA_USAGE = YES_ERROR;
				CLANG_WARN_DOCUMENTATION_COMMENTS = YES;
				CLANG_WARN_EMPTY_BODY = YES;
				CLANG_WARN_ENUM_CONVERSION = YES;
				CLANG_WARN_INFINITE_RECURSION = YES;
				CLANG_WARN_INT_CONVERSION = YES;
				CLANG_WARN_NON_LITERAL_NULL_CONVERSION = YES;
				CLANG_WARN_OBJC_IMPLICIT_RETAIN_SELF = YES;
				CLANG_WARN_OBJC_LITERAL_CONVERSION = YES;
				CLANG_WARN_OBJC_ROOT_CLASS = YES_ERROR;
				CLANG_WARN_RANGE_LOOP_ANALYSIS = YES;
				CLANG_WARN_STRICT_PROTOTYPES = YES;
				CLANG_WARN_SUSPICIOUS_MOVE = YES;
				CLANG_WARN_UNGUARDED_AVAILABILITY = YES_AGGRESSIVE;
				CLANG_WARN_UNREACHABLE_CODE = YES;
				CLANG_WARN__DUPLICATE_METHOD_MATCH = YES;
				COPY_PHASE_STRIP = NO;
				DEBUG_INFORMATION_FORMAT = dwarf;
				ENABLE_STRICT_OBJC_MSGSEND = YES;
				ENABLE_TESTABILITY = YES;
				GCC_C_LANGUAGE_STANDARD = gnu11;
				GCC_DYNAMIC_NO_PIC = NO;
				GCC_NO_COMMON_BLOCKS = YES;
				GCC_OPTIMIZATION_LEVEL = 0;
				GCC_PREPROCESSOR_DEFINITIONS = (
					"DEBUG=1",
					"$(inherited)",
				);
				GCC_WARN_64_TO_32_BIT_CONVERSION = YES;
				GCC_WARN_ABOUT_RETURN_TYPE = YES_ERROR;
				GCC_WARN_UNDECLARED_SELECTOR = YES;
				GCC_WARN_UNINITIALIZED_AUTOS = YES_AGGRESSIVE;
				GCC_WARN_UNUSED_FUNCTION = YES;
				GCC_WARN_UNUSED_VARIABLE = YES;
				IPHONEOS_DEPLOYMENT_TARGET = 13.7;
				MTL_ENABLE_DEBUG_INFO = INCLUDE_SOURCE;
				MTL_FAST_MATH = YES;
				ONLY_ACTIVE_ARCH = YES;
				SDKROOT = iphoneos;
				SWIFT_ACTIVE_COMPILATION_CONDITIONS = DEBUG;
				SWIFT_OPTIMIZATION_LEVEL = "-Onone";
			};
			name = Debug;
		};
		903C9159250D1BE40053EF70 /* Release */ = {
			isa = XCBuildConfiguration;
			buildSettings = {
				ALWAYS_SEARCH_USER_PATHS = NO;
				CLANG_ANALYZER_NONNULL = YES;
				CLANG_ANALYZER_NUMBER_OBJECT_CONVERSION = YES_AGGRESSIVE;
				CLANG_CXX_LANGUAGE_STANDARD = "gnu++14";
				CLANG_CXX_LIBRARY = "libc++";
				CLANG_ENABLE_MODULES = YES;
				CLANG_ENABLE_OBJC_ARC = YES;
				CLANG_ENABLE_OBJC_WEAK = YES;
				CLANG_WARN_BLOCK_CAPTURE_AUTORELEASING = YES;
				CLANG_WARN_BOOL_CONVERSION = YES;
				CLANG_WARN_COMMA = YES;
				CLANG_WARN_CONSTANT_CONVERSION = YES;
				CLANG_WARN_DEPRECATED_OBJC_IMPLEMENTATIONS = YES;
				CLANG_WARN_DIRECT_OBJC_ISA_USAGE = YES_ERROR;
				CLANG_WARN_DOCUMENTATION_COMMENTS = YES;
				CLANG_WARN_EMPTY_BODY = YES;
				CLANG_WARN_ENUM_CONVERSION = YES;
				CLANG_WARN_INFINITE_RECURSION = YES;
				CLANG_WARN_INT_CONVERSION = YES;
				CLANG_WARN_NON_LITERAL_NULL_CONVERSION = YES;
				CLANG_WARN_OBJC_IMPLICIT_RETAIN_SELF = YES;
				CLANG_WARN_OBJC_LITERAL_CONVERSION = YES;
				CLANG_WARN_OBJC_ROOT_CLASS = YES_ERROR;
				CLANG_WARN_RANGE_LOOP_ANALYSIS = YES;
				CLANG_WARN_STRICT_PROTOTYPES = YES;
				CLANG_WARN_SUSPICIOUS_MOVE = YES;
				CLANG_WARN_UNGUARDED_AVAILABILITY = YES_AGGRESSIVE;
				CLANG_WARN_UNREACHABLE_CODE = YES;
				CLANG_WARN__DUPLICATE_METHOD_MATCH = YES;
				COPY_PHASE_STRIP = NO;
				DEBUG_INFORMATION_FORMAT = "dwarf-with-dsym";
				ENABLE_NS_ASSERTIONS = NO;
				ENABLE_STRICT_OBJC_MSGSEND = YES;
				GCC_C_LANGUAGE_STANDARD = gnu11;
				GCC_NO_COMMON_BLOCKS = YES;
				GCC_WARN_64_TO_32_BIT_CONVERSION = YES;
				GCC_WARN_ABOUT_RETURN_TYPE = YES_ERROR;
				GCC_WARN_UNDECLARED_SELECTOR = YES;
				GCC_WARN_UNINITIALIZED_AUTOS = YES_AGGRESSIVE;
				GCC_WARN_UNUSED_FUNCTION = YES;
				GCC_WARN_UNUSED_VARIABLE = YES;
				IPHONEOS_DEPLOYMENT_TARGET = 13.7;
				MTL_ENABLE_DEBUG_INFO = NO;
				MTL_FAST_MATH = YES;
				SDKROOT = iphoneos;
				SWIFT_COMPILATION_MODE = wholemodule;
				SWIFT_OPTIMIZATION_LEVEL = "-O";
				VALIDATE_PRODUCT = YES;
			};
			name = Release;
		};
		903C915B250D1BE40053EF70 /* Debug */ = {
			isa = XCBuildConfiguration;
			baseConfigurationReference = AD95AA0D53DE402A04BD0A90 /* Pods-Expense Manager.debug.xcconfig */;
			buildSettings = {
				ASSETCATALOG_COMPILER_APPICON_NAME = AppIcon;
				CODE_SIGN_STYLE = Automatic;
				DEVELOPMENT_TEAM = 93SU3LG259;
				INFOPLIST_FILE = "Expense Manager/Info.plist";
				LD_RUNPATH_SEARCH_PATHS = (
					"$(inherited)",
					"@executable_path/Frameworks",
				);
				PRODUCT_BUNDLE_IDENTIFIER = "example11.Expense-Manager";
				PRODUCT_NAME = "$(TARGET_NAME)";
				SWIFT_VERSION = 5.0;
				TARGETED_DEVICE_FAMILY = "1,2";
			};
			name = Debug;
		};
		903C915C250D1BE40053EF70 /* Release */ = {
			isa = XCBuildConfiguration;
			baseConfigurationReference = C4ACCB8C388AE6D0306DBA28 /* Pods-Expense Manager.release.xcconfig */;
			buildSettings = {
				ASSETCATALOG_COMPILER_APPICON_NAME = AppIcon;
				CODE_SIGN_STYLE = Automatic;
				DEVELOPMENT_TEAM = 93SU3LG259;
				INFOPLIST_FILE = "Expense Manager/Info.plist";
				LD_RUNPATH_SEARCH_PATHS = (
					"$(inherited)",
					"@executable_path/Frameworks",
				);
				PRODUCT_BUNDLE_IDENTIFIER = "example11.Expense-Manager";
				PRODUCT_NAME = "$(TARGET_NAME)";
				SWIFT_VERSION = 5.0;
				TARGETED_DEVICE_FAMILY = "1,2";
			};
			name = Release;
		};
/* End XCBuildConfiguration section */

/* Begin XCConfigurationList section */
		903C9141250D1BDC0053EF70 /* Build configuration list for PBXProject "Expense Manager" */ = {
			isa = XCConfigurationList;
			buildConfigurations = (
				903C9158250D1BE40053EF70 /* Debug */,
				903C9159250D1BE40053EF70 /* Release */,
			);
			defaultConfigurationIsVisible = 0;
			defaultConfigurationName = Release;
		};
		903C915A250D1BE40053EF70 /* Build configuration list for PBXNativeTarget "Expense Manager" */ = {
			isa = XCConfigurationList;
			buildConfigurations = (
				903C915B250D1BE40053EF70 /* Debug */,
				903C915C250D1BE40053EF70 /* Release */,
			);
			defaultConfigurationIsVisible = 0;
			defaultConfigurationName = Release;
		};
/* End XCConfigurationList section */
	};
	rootObject = 903C913E250D1BDC0053EF70 /* Project object */;
}
